
Microsoft Visual Studio Solution File, Format Version 12.00
# Visual Studio Version 16
VisualStudioVersion = 16.0.31321.278
MinimumVisualStudioVersion = 10.0.40219.1
Project("{9A19103F-16F7-4668-BE54-9A1E7A4F7556}") = "UnluCo.Domain", "UnluCo.Entities\UnluCo.Domain.csproj", "{ACC1C0E2-AA19-4721-90F2-838F394B1234}"
EndProject
Project("{9A19103F-16F7-4668-BE54-9A1E7A4F7556}") = "UnluCo.Infrastructure", "DataAccess\UnluCo.Infrastructure.csproj", "{B0D3A2D7-3EAD-4883-BFA4-6A3357C55678}"
EndProject
Project("{9A19103F-16F7-4668-BE54-9A1E7A4F7556}") = "UnluCo.Application", "Business\UnluCo.Application.csproj", "{28766C05-72E3-4033-AD78-55DDDBA443DC}"
EndProject
Project("{9A19103F-16F7-4668-BE54-9A1E7A4F7556}") = "UnluCo.WebApi", "UnluCo.WebApi\UnluCo.WebApi.csproj", "{E8E5EC78-77C3-4A95-934B-7768E927F196}"
EndProject
Project("{9A19103F-16F7-4668-BE54-9A1E7A4F7556}") = "UnluCo.BlazorUI", "UnluCo.BlazorUI\UnluCo.BlazorUI.csproj", "{3CF4D64D-937A-4115-BB0F-4C9BA092FEBE}"
EndProject
Project("{9A19103F-16F7-4668-BE54-9A1E7A4F7556}") = "UnluCo.RabbitMq", "UnluCo.RabbitMq\UnluCo.RabbitMq.csproj", "{84D9796E-4719-4AFE-937B-DA4FAA70ED1B}"
EndProject
Global
	GlobalSection(SolutionConfigurationPlatforms) = preSolution
		Debug|Any CPU = Debug|Any CPU
		Release|Any CPU = Release|Any CPU
	EndGlobalSection
	GlobalSection(ProjectConfigurationPlatforms) = postSolution
		{ACC1C0E2-AA19-4721-90F2-838F394B1234}.Debug|Any CPU.ActiveCfg = Debug|Any CPU
		{ACC1C0E2-AA19-4721-90F2-838F394B1234}.Debug|Any CPU.Build.0 = Debug|Any CPU
		{ACC1C0E2-AA19-4721-90F2-838F394B1234}.Release|Any CPU.ActiveCfg = Release|Any CPU
		{ACC1C0E2-AA19-4721-90F2-838F394B1234}.Release|Any CPU.Build.0 = Release|Any CPU
		{B0D3A2D7-3EAD-4883-BFA4-6A3357C55678}.Debug|Any CPU.ActiveCfg = Debug|Any CPU
		{B0D3A2D7-3EAD-4883-BFA4-6A3357C55678}.Debug|Any CPU.Build.0 = Debug|Any CPU
		{B0D3A2D7-3EAD-4883-BFA4-6A3357C55678}.Release|Any CPU.ActiveCfg = Release|Any CPU
		{B0D3A2D7-3EAD-4883-BFA4-6A3357C55678}.Release|Any CPU.Build.0 = Release|Any CPU
		{28766C05-72E3-4033-AD78-55DDDBA443DC}.Debug|Any CPU.ActiveCfg = Debug|Any CPU
		{28766C05-72E3-4033-AD78-55DDDBA443DC}.Debug|Any CPU.Build.0 = Debug|Any CPU
		{28766C05-72E3-4033-AD78-55DDDBA443DC}.Release|Any CPU.ActiveCfg = Release|Any CPU
		{28766C05-72E3-4033-AD78-55DDDBA443DC}.Release|Any CPU.Build.0 = Release|Any CPU
		{E8E5EC78-77C3-4A95-934B-7768E927F196}.Debug|Any CPU.ActiveCfg = Debug|Any CPU
		{E8E5EC78-77C3-4A95-934B-7768E927F196}.Debug|Any CPU.Build.0 = Debug|Any CPU
		{E8E5EC78-77C3-4A95-934B-7768E927F196}.Release|Any CPU.ActiveCfg = Release|Any CPU
		{E8E5EC78-77C3-4A95-934B-7768E927F196}.Release|Any CPU.Build.0 = Release|Any CPU
		{3CF4D64D-937A-4115-BB0F-4C9BA092FEBE}.Debug|Any CPU.ActiveCfg = Debug|Any CPU
		{3CF4D64D-937A-4115-BB0F-4C9BA092FEBE}.Debug|Any CPU.Build.0 = Debug|Any CPU
		{3CF4D64D-937A-4115-BB0F-4C9BA092FEBE}.Release|Any CPU.ActiveCfg = Release|Any CPU
		{3CF4D64D-937A-4115-BB0F-4C9BA092FEBE}.Release|Any CPU.Build.0 = Release|Any CPU
		{84D9796E-4719-4AFE-937B-DA4FAA70ED1B}.Debug|Any CPU.ActiveCfg = Debug|Any CPU
		{84D9796E-4719-4AFE-937B-DA4FAA70ED1B}.Debug|Any CPU.Build.0 = Debug|Any CPU
		{84D9796E-4719-4AFE-937B-DA4FAA70ED1B}.Release|Any CPU.ActiveCfg = Release|Any CPU
		{84D9796E-4719-4AFE-937B-DA4FAA70ED1B}.Release|Any CPU.Build.0 = Release|Any CPU
	EndGlobalSection
	GlobalSection(SolutionProperties) = preSolution
		HideSolutionNode = FALSE
	EndGlobalSection
	GlobalSection(ExtensibilityGlobals) = postSolution
		SolutionGuid = {58999FA8-7775-4872-935E-DB2ABA37524E}
	EndGlobalSection
EndGlobal
